// !$*UTF8*$!
{
	archiveVersion = 1;
	classes = {
	};
	objectVersion = 46;
	objects = {

/* Begin PBXBuildFile section */
		048FE6771A077D47007407A1 /* Foundation.framework in Frameworks */ = {isa = PBXBuildFile; fileRef = 048FE6761A077D47007407A1 /* Foundation.framework */; };
		048FE6791A077D47007407A1 /* CoreGraphics.framework in Frameworks */ = {isa = PBXBuildFile; fileRef = 048FE6781A077D47007407A1 /* CoreGraphics.framework */; };
		048FE67B1A077D47007407A1 /* UIKit.framework in Frameworks */ = {isa = PBXBuildFile; fileRef = 048FE67A1A077D47007407A1 /* UIKit.framework */; };
		048FE6811A077D47007407A1 /* InfoPlist.strings in Resources */ = {isa = PBXBuildFile; fileRef = 048FE67F1A077D47007407A1 /* InfoPlist.strings */; };
		048FE6831A077D47007407A1 /* main.m in Sources */ = {isa = PBXBuildFile; fileRef = 048FE6821A077D47007407A1 /* main.m */; };
		048FE6871A077D47007407A1 /* ZYAppDelegate.m in Sources */ = {isa = PBXBuildFile; fileRef = 048FE6861A077D47007407A1 /* ZYAppDelegate.m */; };
		048FE6891A077D47007407A1 /* Images.xcassets in Resources */ = {isa = PBXBuildFile; fileRef = 048FE6881A077D47007407A1 /* Images.xcassets */; };
		048FE6901A077D48007407A1 /* XCTest.framework in Frameworks */ = {isa = PBXBuildFile; fileRef = 048FE68F1A077D47007407A1 /* XCTest.framework */; };
		048FE6911A077D48007407A1 /* Foundation.framework in Frameworks */ = {isa = PBXBuildFile; fileRef = 048FE6761A077D47007407A1 /* Foundation.framework */; };
		048FE6921A077D48007407A1 /* UIKit.framework in Frameworks */ = {isa = PBXBuildFile; fileRef = 048FE67A1A077D47007407A1 /* UIKit.framework */; };
		048FE69A1A077D48007407A1 /* InfoPlist.strings in Resources */ = {isa = PBXBuildFile; fileRef = 048FE6981A077D48007407A1 /* InfoPlist.strings */; };
		048FE69C1A077D48007407A1 /* GouXingChaoTests.m in Sources */ = {isa = PBXBuildFile; fileRef = 048FE69B1A077D48007407A1 /* GouXingChaoTests.m */; };
/* End PBXBuildFile section */

/* Begin PBXContainerItemProxy section */
		048FE6931A077D48007407A1 /* PBXContainerItemProxy */ = {
			isa = PBXContainerItemProxy;
			containerPortal = 048FE66B1A077D47007407A1 /* Project object */;
			proxyType = 1;
			remoteGlobalIDString = 048FE6721A077D47007407A1;
			remoteInfo = GouXingChao;
		};
/* End PBXContainerItemProxy section */

/* Begin PBXFileReference section */
		048FE6731A077D47007407A1 /* GouXingChao.app */ = {isa = PBXFileReference; explicitFileType = wrapper.application; includeInIndex = 0; path = GouXingChao.app; sourceTree = BUILT_PRODUCTS_DIR; };
		048FE6761A077D47007407A1 /* Foundation.framework */ = {isa = PBXFileReference; lastKnownFileType = wrapper.framework; name = Foundation.framework; path = System/Library/Frameworks/Foundation.framework; sourceTree = SDKROOT; };
		048FE6781A077D47007407A1 /* CoreGraphics.framework */ = {isa = PBXFileReference; lastKnownFileType = wrapper.framework; name = CoreGraphics.framework; path = System/Library/Frameworks/CoreGraphics.framework; sourceTree = SDKROOT; };
		048FE67A1A077D47007407A1 /* UIKit.framework */ = {isa = PBXFileReference; lastKnownFileType = wrapper.framework; name = UIKit.framework; path = System/Library/Frameworks/UIKit.framework; sourceTree = SDKROOT; };
		048FE67E1A077D47007407A1 /* GouXingChao-Info.plist */ = {isa = PBXFileReference; lastKnownFileType = text.plist.xml; path = "GouXingChao-Info.plist"; sourceTree = "<group>"; };
		048FE6801A077D47007407A1 /* en */ = {isa = PBXFileReference; lastKnownFileType = text.plist.strings; name = en; path = en.lproj/InfoPlist.strings; sourceTree = "<group>"; };
		048FE6821A077D47007407A1 /* main.m */ = {isa = PBXFileReference; lastKnownFileType = sourcecode.c.objc; path = main.m; sourceTree = "<group>"; };
		048FE6841A077D47007407A1 /* GouXingChao-Prefix.pch */ = {isa = PBXFileReference; lastKnownFileType = sourcecode.c.h; path = "GouXingChao-Prefix.pch"; sourceTree = "<group>"; };
		048FE6851A077D47007407A1 /* ZYAppDelegate.h */ = {isa = PBXFileReference; lastKnownFileType = sourcecode.c.h; path = ZYAppDelegate.h; sourceTree = "<group>"; };
		048FE6861A077D47007407A1 /* ZYAppDelegate.m */ = {isa = PBXFileReference; lastKnownFileType = sourcecode.c.objc; path = ZYAppDelegate.m; sourceTree = "<group>"; };
		048FE6881A077D47007407A1 /* Images.xcassets */ = {isa = PBXFileReference; lastKnownFileType = folder.assetcatalog; path = Images.xcassets; sourceTree = "<group>"; };
		048FE68E1A077D47007407A1 /* GouXingChaoTests.xctest */ = {isa = PBXFileReference; explicitFileType = wrapper.cfbundle; includeInIndex = 0; path = GouXingChaoTests.xctest; sourceTree = BUILT_PRODUCTS_DIR; };
		048FE68F1A077D47007407A1 /* XCTest.framework */ = {isa = PBXFileReference; lastKnownFileType = wrapper.framework; name = XCTest.framework; path = Library/Frameworks/XCTest.framework; sourceTree = DEVELOPER_DIR; };
		048FE6971A077D48007407A1 /* GouXingChaoTests-Info.plist */ = {isa = PBXFileReference; lastKnownFileType = text.plist.xml; path = "GouXingChaoTests-Info.plist"; sourceTree = "<group>"; };
		048FE6991A077D48007407A1 /* en */ = {isa = PBXFileReference; lastKnownFileType = text.plist.strings; name = en; path = en.lproj/InfoPlist.strings; sourceTree = "<group>"; };
		048FE69B1A077D48007407A1 /* GouXingChaoTests.m */ = {isa = PBXFileReference; lastKnownFileType = sourcecode.c.objc; path = GouXingChaoTests.m; sourceTree = "<group>"; };
/* End PBXFileReference section */

/* Begin PBXFrameworksBuildPhase section */
		048FE6701A077D47007407A1 /* Frameworks */ = {
			isa = PBXFrameworksBuildPhase;
			buildActionMask = 2147483647;
			files = (
				048FE6791A077D47007407A1 /* CoreGraphics.framework in Frameworks */,
				048FE67B1A077D47007407A1 /* UIKit.framework in Frameworks */,
				048FE6771A077D47007407A1 /* Foundation.framework in Frameworks */,
			);
			runOnlyForDeploymentPostprocessing = 0;
		};
		048FE68B1A077D47007407A1 /* Frameworks */ = {
			isa = PBXFrameworksBuildPhase;
			buildActionMask = 2147483647;
			files = (
				048FE6901A077D48007407A1 /* XCTest.framework in Frameworks */,
				048FE6921A077D48007407A1 /* UIKit.framework in Frameworks */,
				048FE6911A077D48007407A1 /* Foundation.framework in Frameworks */,
			);
			runOnlyForDeploymentPostprocessing = 0;
		};
/* End PBXFrameworksBuildPhase section */

/* Begin PBXGroup section */
		048FE66A1A077D47007407A1 = {
			isa = PBXGroup;
			children = (
				048FE67C1A077D47007407A1 /* GouXingChao */,
				048FE6951A077D48007407A1 /* GouXingChaoTests */,
				048FE6751A077D47007407A1 /* Frameworks */,
				048FE6741A077D47007407A1 /* Products */,
			);
			sourceTree = "<group>";
		};
		048FE6741A077D47007407A1 /* Products */ = {
			isa = PBXGroup;
			children = (
				048FE6731A077D47007407A1 /* GouXingChao.app */,
				048FE68E1A077D47007407A1 /* GouXingChaoTests.xctest */,
			);
			name = Products;
			sourceTree = "<group>";
		};
		048FE6751A077D47007407A1 /* Frameworks */ = {
			isa = PBXGroup;
			children = (
				048FE6761A077D47007407A1 /* Foundation.framework */,
				048FE6781A077D47007407A1 /* CoreGraphics.framework */,
				048FE67A1A077D47007407A1 /* UIKit.framework */,
				048FE68F1A077D47007407A1 /* XCTest.framework */,
			);
			name = Frameworks;
			sourceTree = "<group>";
		};
		048FE67C1A077D47007407A1 /* GouXingChao */ = {
			isa = PBXGroup;
			children = (
				048FE6851A077D47007407A1 /* ZYAppDelegate.h */,
				048FE6861A077D47007407A1 /* ZYAppDelegate.m */,
				048FE6881A077D47007407A1 /* Images.xcassets */,
				048FE67D1A077D47007407A1 /* Supporting Files */,
			);
			path = GouXingChao;
			sourceTree = "<group>";
		};
		048FE67D1A077D47007407A1 /* Supporting Files */ = {
			isa = PBXGroup;
			children = (
				048FE67E1A077D47007407A1 /* GouXingChao-Info.plist */,
				048FE67F1A077D47007407A1 /* InfoPlist.strings */,
				048FE6821A077D47007407A1 /* main.m */,
				048FE6841A077D47007407A1 /* GouXingChao-Prefix.pch */,
			);
			name = "Supporting Files";
			sourceTree = "<group>";
		};
		048FE6951A077D48007407A1 /* GouXingChaoTests */ = {
			isa = PBXGroup;
			children = (
				048FE69B1A077D48007407A1 /* GouXingChaoTests.m */,
				048FE6961A077D48007407A1 /* Supporting Files */,
			);
			path = GouXingChaoTests;
			sourceTree = "<group>";
		};
		048FE6961A077D48007407A1 /* Supporting Files */ = {
			isa = PBXGroup;
			children = (
				048FE6971A077D48007407A1 /* GouXingChaoTests-Info.plist */,
				048FE6981A077D48007407A1 /* InfoPlist.strings */,
			);
			name = "Supporting Files";
			sourceTree = "<group>";
		};
/* End PBXGroup section */

/* Begin PBXNativeTarget section */
		048FE6721A077D47007407A1 /* GouXingChao */ = {
			isa = PBXNativeTarget;
			buildConfigurationList = 048FE69F1A077D48007407A1 /* Build configuration list for PBXNativeTarget "GouXingChao" */;
			buildPhases = (
				048FE66F1A077D47007407A1 /* Sources */,
				048FE6701A077D47007407A1 /* Frameworks */,
				048FE6711A077D47007407A1 /* Resources */,
			);
			buildRules = (
			);
			dependencies = (
			);
			name = GouXingChao;
			productName = GouXingChao;
			productReference = 048FE6731A077D47007407A1 /* GouXingChao.app */;
			productType = "com.apple.product-type.application";
		};
		048FE68D1A077D47007407A1 /* GouXingChaoTests */ = {
			isa = PBXNativeTarget;
			buildConfigurationList = 048FE6A21A077D48007407A1 /* Build configuration list for PBXNativeTarget "GouXingChaoTests" */;
			buildPhases = (
				048FE68A1A077D47007407A1 /* Sources */,
				048FE68B1A077D47007407A1 /* Frameworks */,
				048FE68C1A077D47007407A1 /* Resources */,
			);
			buildRules = (
			);
			dependencies = (
				048FE6941A077D48007407A1 /* PBXTargetDependency */,
			);
			name = GouXingChaoTests;
			productName = GouXingChaoTests;
			productReference = 048FE68E1A077D47007407A1 /* GouXingChaoTests.xctest */;
			productType = "com.apple.product-type.bundle.unit-test";
		};
/* End PBXNativeTarget section */

/* Begin PBXProject section */
		048FE66B1A077D47007407A1 /* Project object */ = {
			isa = PBXProject;
			attributes = {
				CLASSPREFIX = ZY;
				LastUpgradeCheck = 0510;
				ORGANIZATIONNAME = "___FULLUSERNAME___";
				TargetAttributes = {
					048FE68D1A077D47007407A1 = {
						TestTargetID = 048FE6721A077D47007407A1;
					};
				};
			};
			buildConfigurationList = 048FE66E1A077D47007407A1 /* Build configuration list for PBXProject "GouXingChao" */;
			compatibilityVersion = "Xcode 3.2";
			developmentRegion = English;
			hasScannedForEncodings = 0;
			knownRegions = (
				en,
			);
			mainGroup = 048FE66A1A077D47007407A1;
			productRefGroup = 048FE6741A077D47007407A1 /* Products */;
			projectDirPath = "";
			projectRoot = "";
			targets = (
				048FE6721A077D47007407A1 /* GouXingChao */,
				048FE68D1A077D47007407A1 /* GouXingChaoTests */,
			);
		};
/* End PBXProject section */

/* Begin PBXResourcesBuildPhase section */
		048FE6711A077D47007407A1 /* Resources */ = {
			isa = PBXResourcesBuildPhase;
			buildActionMask = 2147483647;
			files = (
				048FE6811A077D47007407A1 /* InfoPlist.strings in Resources */,
				048FE6891A077D47007407A1 /* Images.xcassets in Resources */,
			);
			runOnlyForDeploymentPostprocessing = 0;
		};
		048FE68C1A077D47007407A1 /* Resources */ = {
			isa = PBXResourcesBuildPhase;
			buildActionMask = 2147483647;
			files = (
				048FE69A1A077D48007407A1 /* InfoPlist.strings in Resources */,
			);
			runOnlyForDeploymentPostprocessing = 0;
		};
/* End PBXResourcesBuildPhase section */

/* Begin PBXSourcesBuildPhase section */
		048FE66F1A077D47007407A1 /* Sources */ = {
			isa = PBXSourcesBuildPhase;
			buildActionMask = 2147483647;
			files = (
				048FE6831A077D47007407A1 /* main.m in Sources */,
				048FE6871A077D47007407A1 /* ZYAppDelegate.m in Sources */,
			);
			runOnlyForDeploymentPostprocessing = 0;
		};
		048FE68A1A077D47007407A1 /* Sources */ = {
			isa = PBXSourcesBuildPhase;
			buildActionMask = 2147483647;
			files = (
				048FE69C1A077D48007407A1 /* GouXingChaoTests.m in Sources */,
			);
			runOnlyForDeploymentPostprocessing = 0;
		};
/* End PBXSourcesBuildPhase section */

/* Begin PBXTargetDependency section */
		048FE6941A077D48007407A1 /* PBXTargetDependency */ = {
			isa = PBXTargetDependency;
			target = 048FE6721A077D47007407A1 /* GouXingChao */;
			targetProxy = 048FE6931A077D48007407A1 /* PBXContainerItemProxy */;
		};
/* End PBXTargetDependency section */

/* Begin PBXVariantGroup section */
		048FE67F1A077D47007407A1 /* InfoPlist.strings */ = {
			isa = PBXVariantGroup;
			children = (
				048FE6801A077D47007407A1 /* en */,
			);
			name = InfoPlist.strings;
			sourceTree = "<group>";
		};
		048FE6981A077D48007407A1 /* InfoPlist.strings */ = {
			isa = PBXVariantGroup;
			children = (
				048FE6991A077D48007407A1 /* en */,
			);
			name = InfoPlist.strings;
			sourceTree = "<group>";
		};
/* End PBXVariantGroup section */

/* Begin XCBuildConfiguration section */
		048FE69D1A077D48007407A1 /* Debug */ = {
			isa = XCBuildConfiguration;
			buildSettings = {
				ALWAYS_SEARCH_USER_PATHS = NO;
				CLANG_CXX_LANGUAGE_STANDARD = "gnu++0x";
				CLANG_CXX_LIBRARY = "libc++";
				CLANG_ENABLE_MODULES = YES;
				CLANG_ENABLE_OBJC_ARC = YES;
				CLANG_WARN_BOOL_CONVERSION = YES;
				CLANG_WARN_CONSTANT_CONVERSION = YES;
				CLANG_WARN_DIRECT_OBJC_ISA_USAGE = YES_ERROR;
				CLANG_WARN_EMPTY_BODY = YES;
				CLANG_WARN_ENUM_CONVERSION = YES;
				CLANG_WARN_INT_CONVERSION = YES;
				CLANG_WARN_OBJC_ROOT_CLASS = YES_ERROR;
				CLANG_WARN__DUPLICATE_METHOD_MATCH = YES;
				"CODE_SIGN_IDENTITY[sdk=iphoneos*]" = "iPhone Developer";
				COPY_PHASE_STRIP = NO;
				GCC_C_LANGUAGE_STANDARD = gnu99;
				GCC_DYNAMIC_NO_PIC = NO;
				GCC_OPTIMIZATION_LEVEL = 0;
				GCC_PREPROCESSOR_DEFINITIONS = (
					"DEBUG=1",
					"$(inherited)",
				);
				GCC_SYMBOLS_PRIVATE_EXTERN = NO;
				GCC_WARN_64_TO_32_BIT_CONVERSION = YES;
				GCC_WARN_ABOUT_RETURN_TYPE = YES_ERROR;
				GCC_WARN_UNDECLARED_SELECTOR = YES;
				GCC_WARN_UNINITIALIZED_AUTOS = YES_AGGRESSIVE;
				GCC_WARN_UNUSED_FUNCTION = YES;
				GCC_WARN_UNUSED_VARIABLE = YES;
				IPHONEOS_DEPLOYMENT_TARGET = 7.1;
				ONLY_ACTIVE_ARCH = YES;
				SDKROOT = iphoneos;
			};
			name = Debug;
		};
		048FE69E1A077D48007407A1 /* Release */ = {
			isa = XCBuildConfiguration;
			buildSettings = {
				ALWAYS_SEARCH_USER_PATHS = NO;
				CLANG_CXX_LANGUAGE_STANDARD = "gnu++0x";
				CLANG_CXX_LIBRARY = "libc++";
				CLANG_ENABLE_MODULES = YES;
				CLANG_ENABLE_OBJC_ARC = YES;
				CLANG_WARN_BOOL_CONVERSION = YES;
				CLANG_WARN_CONSTANT_CONVERSION = YES;
				CLANG_WARN_DIRECT_OBJC_ISA_USAGE = YES_ERROR;
				CLANG_WARN_EMPTY_BODY = YES;
				CLANG_WARN_ENUM_CONVERSION = YES;
				CLANG_WARN_INT_CONVERSION = YES;
				CLANG_WARN_OBJC_ROOT_CLASS = YES_ERROR;
				CLANG_WARN__DUPLICATE_METHOD_MATCH = YES;
				"CODE_SIGN_IDENTITY[sdk=iphoneos*]" = "iPhone Developer";
				COPY_PHASE_STRIP = YES;
				ENABLE_NS_ASSERTIONS = NO;
				GCC_C_LANGUAGE_STANDARD = gnu99;
				GCC_WARN_64_TO_32_BIT_CONVERSION = YES;
				GCC_WARN_ABOUT_RETURN_TYPE = YES_ERROR;
				GCC_WARN_UNDECLARED_SELECTOR = YES;
				GCC_WARN_UNINITIALIZED_AUTOS = YES_AGGRESSIVE;
				GCC_WARN_UNUSED_FUNCTION = YES;
				GCC_WARN_UNUSED_VARIABLE = YES;
				IPHONEOS_DEPLOYMENT_TARGET = 7.1;
				SDKROOT = iphoneos;
				VALIDATE_PRODUCT = YES;
			};
			name = Release;
		};
		048FE6A01A077D48007407A1 /* Debug */ = {
			isa = XCBuildConfiguration;
			buildSettings = {
				ASSETCATALOG_COMPILER_APPICON_NAME = AppIcon;
				ASSETCATALOG_COMPILER_LAUNCHIMAGE_NAME = LaunchImage;
				GCC_PRECOMPILE_PREFIX_HEADER = YES;
				GCC_PREFIX_HEADER = "GouXingChao/GouXingChao-Prefix.pch";
				INFOPLIST_FILE = "GouXingChao/GouXingChao-Info.plist";
				PRODUCT_NAME = "$(TARGET_NAME)";
				WRAPPER_EXTENSION = app;
			};
			name = Debug;
		};
		048FE6A11A077D48007407A1 /* Release */ = {
			isa = XCBuildConfiguration;
			buildSettings = {
				ASSETCATALOG_COMPILER_APPICON_NAME = AppIcon;
				ASSETCATALOG_COMPILER_LAUNCHIMAGE_NAME = LaunchImage;
				GCC_PRECOMPILE_PREFIX_HEADER = YES;
				GCC_PREFIX_HEADER = "GouXingChao/GouXingChao-Prefix.pch";
				INFOPLIST_FILE = "GouXingChao/GouXingChao-Info.plist";
				PRODUCT_NAME = "$(TARGET_NAME)";
				WRAPPER_EXTENSION = app;
			};
			name = Release;
		};
		048FE6A31A077D48007407A1 /* Debug */ = {
			isa = XCBuildConfiguration;
			buildSettings = {
				BUNDLE_LOADER = "$(BUILT_PRODUCTS_DIR)/GouXingChao.app/GouXingChao";
				FRAMEWORK_SEARCH_PATHS = (
					"$(SDKROOT)/Developer/Library/Frameworks",
					"$(inherited)",
					"$(DEVELOPER_FRAMEWORKS_DIR)",
				);
				GCC_PRECOMPILE_PREFIX_HEADER = YES;
				GCC_PREFIX_HEADER = "GouXingChao/GouXingChao-Prefix.pch";
				GCC_PREPROCESSOR_DEFINITIONS = (
					"DEBUG=1",
					"$(inherited)",
				);
				INFOPLIST_FILE = "GouXingChaoTests/GouXingChaoTests-Info.plist";
				PRODUCT_NAME = "$(TARGET_NAME)";
				TEST_HOST = "$(BUNDLE_LOADER)";
				WRAPPER_EXTENSION = xctest;
			};
			name = Debug;
		};
		048FE6A41A077D48007407A1 /* Release */ = {
			isa = XCBuildConfiguration;
			buildSettings = {
				BUNDLE_LOADER = "$(BUILT_PRODUCTS_DIR)/GouXingChao.app/GouXingChao";
				FRAMEWORK_SEARCH_PATHS = (
					"$(SDKROOT)/Developer/Library/Frameworks",
					"$(inherited)",
					"$(DEVELOPER_FRAMEWORKS_DIR)",
				);
				GCC_PRECOMPILE_PREFIX_HEADER = YES;
				GCC_PREFIX_HEADER = "GouXingChao/GouXingChao-Prefix.pch";
				INFOPLIST_FILE = "GouXingChaoTests/GouXingChaoTests-Info.plist";
				PRODUCT_NAME = "$(TARGET_NAME)";
				TEST_HOST = "$(BUNDLE_LOADER)";
				WRAPPER_EXTENSION = xctest;
			};
			name = Release;
		};
/* End XCBuildConfiguration section */

/* Begin XCConfigurationList section */
		048FE66E1A077D47007407A1 /* Build configuration list for PBXProject "GouXingChao" */ = {
			isa = XCConfigurationList;
			buildConfigurations = (
				048FE69D1A077D48007407A1 /* Debug */,
				048FE69E1A077D48007407A1 /* Release */,
			);
			defaultConfigurationIsVisible = 0;
			defaultConfigurationName = Release;
		};
		048FE69F1A077D48007407A1 /* Build configuration list for PBXNativeTarget "GouXingChao" */ = {
			isa = XCConfigurationList;
			buildConfigurations = (
				048FE6A01A077D48007407A1 /* Debug */,
				048FE6A11A077D48007407A1 /* Release */,
			);
			defaultConfigurationIsVisible = 0;
		};
		048FE6A21A077D48007407A1 /* Build configuration list for PBXNativeTarget "GouXingChaoTests" */ = {
			isa = XCConfigurationList;
			buildConfigurations = (
				048FE6A31A077D48007407A1 /* Debug */,
				048FE6A41A077D48007407A1 /* Release */,
			);
			defaultConfigurationIsVisible = 0;
		};
/* End XCConfigurationList section */
	};
	rootObject = 048FE66B1A077D47007407A1 /* Project object */;
}
